{
  "name": "extract-yaml-testcases",
  "version": "1.0.0",
  "lockfileVersion": 2,
  "requires": true,
  "packages": {
    "": {
      "name": "extract-yaml-testcases",
      "version": "1.0.0",
      "license": "MIT",
      "devDependencies": {
        "@types/node": "~20.9.2",
        "typescript": "~5.2.2"
      }
    },
    "node_modules/@types/node": {
      "version": "20.9.5",
      "resolved": "https://pkgs.dev.azure.com/mseng/PipelineTools/_packaging/PipelineTools_PublicPackages/npm/registry/@types/node/-/node-20.9.5.tgz",
      "integrity": "sha1-u0QQFLy5HGN0Kw4f4luQL11YH6o=",
      "dev": true,
      "license": "MIT",
      "dependencies": {
        "undici-types": "~5.26.4"
      }
    },
    "node_modules/typescript": {
      "version": "5.2.2",
      "resolved": "https://pkgs.dev.azure.com/mseng/PipelineTools/_packaging/PipelineTools_PublicPackages/npm/registry/typescript/-/typescript-5.2.2.tgz",
      "integrity": "sha1-XrteWlt18IXyK8P4Rg+6MIMQ+ng=",
      "dev": true,
      "license": "Apache-2.0",
      "bin": {
        "tsc": "bin/tsc",
        "tsserver": "bin/tsserver"
      },
      "engines": {
        "node": ">=14.17"
      }
    },
    "node_modules/undici-types": {
      "version": "5.26.5",
      "resolved": "https://pkgs.dev.azure.com/mseng/PipelineTools/_packaging/PipelineTools_PublicPackages/npm/registry/undici-types/-/undici-types-5.26.5.tgz",
      "integrity": "sha1-vNU5iT0AtW6WT9JlekhmsiGmVhc=",
      "dev": true,
      "license": "MIT"
    }
  },
  "dependencies": {
    "@types/node": {
      "version": "20.9.5",
      "resolved": "https://pkgs.dev.azure.com/mseng/PipelineTools/_packaging/PipelineTools_PublicPackages/npm/registry/@types/node/-/node-20.9.5.tgz",
      "integrity": "sha1-u0QQFLy5HGN0Kw4f4luQL11YH6o=",
      "dev": true,
      "requires": {
        "undici-types": "~5.26.4"
      }
    },
    "typescript": {
      "version": "5.2.2",
      "resolved": "https://pkgs.dev.azure.com/mseng/PipelineTools/_packaging/PipelineTools_PublicPackages/npm/registry/typescript/-/typescript-5.2.2.tgz",
      "integrity": "sha1-XrteWlt18IXyK8P4Rg+6MIMQ+ng=",
      "dev": true
    },
    "undici-types": {
      "version": "5.26.5",
      "resolved": "https://pkgs.dev.azure.com/mseng/PipelineTools/_packaging/PipelineTools_PublicPackages/npm/registry/undici-types/-/undici-types-5.26.5.tgz",
      "integrity": "sha1-vNU5iT0AtW6WT9JlekhmsiGmVhc=",
      "dev": true
    }
  }
}
